
Microsoft Visual Studio Solution File, Format Version 12.00
# Visual Studio Version 16
VisualStudioVersion = 16.0.30907.101
MinimumVisualStudioVersion = 10.0.40219.1
Project("{FAE04EC0-301F-11D3-BF4B-00C04F79EFBC}") = "EmployeeHelper", "EmployeeHelper\EmployeeHelper.csproj", "{4FC1CB87-9941-47E8-B786-514A83B09869}"
EndProject
Project("{FAE04EC0-301F-11D3-BF4B-00C04F79EFBC}") = "EmployeeHelper.Data", "EmployeeHelper.Data\EmployeeHelper.Data.csproj", "{1AA4E6E7-6FBC-46F5-AF6E-F5DCC14D97C5}"
EndProject
Project("{FAE04EC0-301F-11D3-BF4B-00C04F79EFBC}") = "EmployeeHelper.Models", "EmployeeHelper.Models\EmployeeHelper.Models.csproj", "{56089415-3276-47BE-AE66-976104597FC9}"
EndProject
Project("{FAE04EC0-301F-11D3-BF4B-00C04F79EFBC}") = "EmployeeHelper.Services", "EmployeeHelper.Services\EmployeeHelper.Services.csproj", "{48F01AA3-8CE0-4EEA-8353-940DF396EAA8}"
EndProject
Global
	GlobalSection(SolutionConfigurationPlatforms) = preSolution
		Debug|Any CPU = Debug|Any CPU
		Release|Any CPU = Release|Any CPU
	EndGlobalSection
	GlobalSection(ProjectConfigurationPlatforms) = postSolution
		{4FC1CB87-9941-47E8-B786-514A83B09869}.Debug|Any CPU.ActiveCfg = Debug|Any CPU
		{4FC1CB87-9941-47E8-B786-514A83B09869}.Debug|Any CPU.Build.0 = Debug|Any CPU
		{4FC1CB87-9941-47E8-B786-514A83B09869}.Release|Any CPU.ActiveCfg = Release|Any CPU
		{4FC1CB87-9941-47E8-B786-514A83B09869}.Release|Any CPU.Build.0 = Release|Any CPU
		{1AA4E6E7-6FBC-46F5-AF6E-F5DCC14D97C5}.Debug|Any CPU.ActiveCfg = Debug|Any CPU
		{1AA4E6E7-6FBC-46F5-AF6E-F5DCC14D97C5}.Debug|Any CPU.Build.0 = Debug|Any CPU
		{1AA4E6E7-6FBC-46F5-AF6E-F5DCC14D97C5}.Release|Any CPU.ActiveCfg = Release|Any CPU
		{1AA4E6E7-6FBC-46F5-AF6E-F5DCC14D97C5}.Release|Any CPU.Build.0 = Release|Any CPU
		{56089415-3276-47BE-AE66-976104597FC9}.Debug|Any CPU.ActiveCfg = Debug|Any CPU
		{56089415-3276-47BE-AE66-976104597FC9}.Debug|Any CPU.Build.0 = Debug|Any CPU
		{56089415-3276-47BE-AE66-976104597FC9}.Release|Any CPU.ActiveCfg = Release|Any CPU
		{56089415-3276-47BE-AE66-976104597FC9}.Release|Any CPU.Build.0 = Release|Any CPU
		{48F01AA3-8CE0-4EEA-8353-940DF396EAA8}.Debug|Any CPU.ActiveCfg = Debug|Any CPU
		{48F01AA3-8CE0-4EEA-8353-940DF396EAA8}.Debug|Any CPU.Build.0 = Debug|Any CPU
		{48F01AA3-8CE0-4EEA-8353-940DF396EAA8}.Release|Any CPU.ActiveCfg = Release|Any CPU
		{48F01AA3-8CE0-4EEA-8353-940DF396EAA8}.Release|Any CPU.Build.0 = Release|Any CPU
	EndGlobalSection
	GlobalSection(SolutionProperties) = preSolution
		HideSolutionNode = FALSE
	EndGlobalSection
	GlobalSection(ExtensibilityGlobals) = postSolution
		SolutionGuid = {15E49721-FF3B-4D69-A364-E2E586754323}
	EndGlobalSection
EndGlobal
